
Microsoft Visual Studio Solution File, Format Version 12.00
# Visual Studio Version 17
VisualStudioVersion = 17.0.31606.5
MinimumVisualStudioVersion = 10.0.40219.1
Project("{FAE04EC0-301F-11D3-BF4B-00C04F79EFBC}") = "BankIBM", "BankIBM\BankIBM.csproj", "{0DE61A64-3FD1-4A2E-AD70-2FF64E12663C}"
EndProject
Global
	GlobalSection(SolutionConfigurationPlatforms) = preSolution
		Debug|Any CPU = Debug|Any CPU
		Release|Any CPU = Release|Any CPU
	EndGlobalSection
	GlobalSection(ProjectConfigurationPlatforms) = postSolution
		{0DE61A64-3FD1-4A2E-AD70-2FF64E12663C}.Debug|Any CPU.ActiveCfg = Debug|Any CPU
		{0DE61A64-3FD1-4A2E-AD70-2FF64E12663C}.Debug|Any CPU.Build.0 = Debug|Any CPU
		{0DE61A64-3FD1-4A2E-AD70-2FF64E12663C}.Release|Any CPU.ActiveCfg = Release|Any CPU
		{0DE61A64-3FD1-4A2E-AD70-2FF64E12663C}.Release|Any CPU.Build.0 = Release|Any CPU
	EndGlobalSection
	GlobalSection(SolutionProperties) = preSolution
		HideSolutionNode = FALSE
	EndGlobalSection
	GlobalSection(ExtensibilityGlobals) = postSolution
		SolutionGuid = {F2C62F54-0C39-4053-8167-777443AC1120}
	EndGlobalSection
EndGlobal
